{
  "name": "srtcl",
  "version": "1.0.1",
  "lockfileVersion": 3,
  "requires": true,
  "packages": {
    "": {
      "name": "srtcl",
      "version": "1.0.1",
      "license": "MIT",
      "dependencies": {
        "@types/yargs": "^17.0.22",
        "commander": "^10.0.0",
        "pakmanager": "^0.12.1",
        "srt-parser-2": "^1.2.2",
        "ts-node": "^10.9.1",
        "typescript": "^4.9.5",
        "yargs": "^17.7.1"
      }
    },
    "node_modules/@cspotcode/source-map-support": {
      "version": "0.8.1",
      "resolved": "https://registry.npmjs.org/@cspotcode/source-map-support/-/source-map-support-0.8.1.tgz",
      "integrity": "sha512-IchNf6dN4tHoMFIn/7OE8LWZ19Y6q/67Bmf6vnGREv8RSbBVb9LPJxEcnwrcwX6ixSvaiGoomAUvu4YSxXrVgw==",
      "dependencies": {
        "@jridgewell/trace-mapping": "0.3.9"
      },
      "engines": {
        "node": ">=12"
      }
    },
    "node_modules/@jridgewell/resolve-uri": {
      "version": "3.1.0",
      "resolved": "https://registry.npmjs.org/@jridgewell/resolve-uri/-/resolve-uri-3.1.0.tgz",
      "integrity": "sha512-F2msla3tad+Mfht5cJq7LSXcdudKTWCVYUgw6pLFOOHSTtZlj6SWNYAp+AhuqLmWdBO2X5hPrLcu8cVP8fy28w==",
      "engines": {
        "node": ">=6.0.0"
      }
    },
    "node_modules/@jridgewell/sourcemap-codec": {
      "version": "1.4.14",
      "resolved": "https://registry.npmjs.org/@jridgewell/sourcemap-codec/-/sourcemap-codec-1.4.14.tgz",
      "integrity": "sha512-XPSJHWmi394fuUuzDnGz1wiKqWfo1yXecHQMRf2l6hztTO+nPru658AyDngaBe7isIxEkRsPR3FZh+s7iVa4Uw=="
    },
    "node_modules/@jridgewell/trace-mapping": {
      "version": "0.3.9",
      "resolved": "https://registry.npmjs.org/@jridgewell/trace-mapping/-/trace-mapping-0.3.9.tgz",
      "integrity": "sha512-3Belt6tdc8bPgAtbcmdtNJlirVoTmEb5e2gC94PnkwEW9jI6CAHUeoG85tjWP5WquqfavoMtMwiG4P926ZKKuQ==",
      "dependencies": {
        "@jridgewell/resolve-uri": "^3.0.3",
        "@jridgewell/sourcemap-codec": "^1.4.10"
      }
    },
    "node_modules/@tsconfig/node10": {
      "version": "1.0.9",
      "resolved": "https://registry.npmjs.org/@tsconfig/node10/-/node10-1.0.9.tgz",
      "integrity": "sha512-jNsYVVxU8v5g43Erja32laIDHXeoNvFEpX33OK4d6hljo3jDhCBDhx5dhCCTMWUojscpAagGiRkBKxpdl9fxqA=="
    },
    "node_modules/@tsconfig/node12": {
      "version": "1.0.11",
      "resolved": "https://registry.npmjs.org/@tsconfig/node12/-/node12-1.0.11.tgz",
      "integrity": "sha512-cqefuRsh12pWyGsIoBKJA9luFu3mRxCA+ORZvA4ktLSzIuCUtWVxGIuXigEwO5/ywWFMZ2QEGKWvkZG1zDMTag=="
    },
    "node_modules/@tsconfig/node14": {
      "version": "1.0.3",
      "resolved": "https://registry.npmjs.org/@tsconfig/node14/-/node14-1.0.3.tgz",
      "integrity": "sha512-ysT8mhdixWK6Hw3i1V2AeRqZ5WfXg1G43mqoYlM2nc6388Fq5jcXyr5mRsqViLx/GJYdoL0bfXD8nmF+Zn/Iow=="
    },
    "node_modules/@tsconfig/node16": {
      "version": "1.0.3",
      "resolved": "https://registry.npmjs.org/@tsconfig/node16/-/node16-1.0.3.tgz",
      "integrity": "sha512-yOlFc+7UtL/89t2ZhjPvvB/DeAr3r+Dq58IgzsFkOAvVC6NMJXmCGjbptdXdR9qsX7pKcTL+s87FtYREi2dEEQ=="
    },
    "node_modules/@types/node": {
      "version": "18.15.3",
      "resolved": "https://registry.npmjs.org/@types/node/-/node-18.15.3.tgz",
      "integrity": "sha512-p6ua9zBxz5otCmbpb5D3U4B5Nanw6Pk3PPyX05xnxbB/fRv71N7CPmORg7uAD5P70T0xmx1pzAx/FUfa5X+3cw==",
      "peer": true
    },
    "node_modules/@types/yargs": {
      "version": "17.0.22",
      "resolved": "https://registry.npmjs.org/@types/yargs/-/yargs-17.0.22.tgz",
      "integrity": "sha512-pet5WJ9U8yPVRhkwuEIp5ktAeAqRZOq4UdAyWLWzxbtpyXnzbtLdKiXAjJzi/KLmPGS9wk86lUFWZFN6sISo4g==",
      "dependencies": {
        "@types/yargs-parser": "*"
      }
    },
    "node_modules/@types/yargs-parser": {
      "version": "21.0.0",
      "resolved": "https://registry.npmjs.org/@types/yargs-parser/-/yargs-parser-21.0.0.tgz",
      "integrity": "sha512-iO9ZQHkZxHn4mSakYV0vFHAVDyEOIJQrV2uZ06HxEPcx+mt8swXoZHIbaaJ2crJYFfErySgktuTZ3BeLz+XmFA=="
    },
    "node_modules/acorn": {
      "version": "8.8.2",
      "resolved": "https://registry.npmjs.org/acorn/-/acorn-8.8.2.tgz",
      "integrity": "sha512-xjIYgE8HBrkpd/sJqOGNspf8uHG+NOHGOw6a/Urj8taM2EXfdNAH2oFcPeIFfsv3+kz/mJrS5VuMqbNLjCa2vw==",
      "bin": {
        "acorn": "bin/acorn"
      },
      "engines": {
        "node": ">=0.4.0"
      }
    },
    "node_modules/acorn-walk": {
      "version": "8.2.0",
      "resolved": "https://registry.npmjs.org/acorn-walk/-/acorn-walk-8.2.0.tgz",
      "integrity": "sha512-k+iyHEuPgSw6SbuDpGQM+06HQUa04DZ3o+F6CSzXMvvI5KMvnaEqXe+YVe555R9nn6GPt404fos4wcgpw12SDA==",
      "engines": {
        "node": ">=0.4.0"
      }
    },
    "node_modules/ansi-regex": {
      "version": "5.0.1",
      "resolved": "https://registry.npmjs.org/ansi-regex/-/ansi-regex-5.0.1.tgz",
      "integrity": "sha512-quJQXlTSUGL2LH9SUXo8VwsY4soanhgo6LNSm84E1LBcE8s3O0wpdiRzyR9z/ZZJMlMWv37qOOb9pdJlMUEKFQ==",
      "engines": {
        "node": ">=8"
      }
    },
    "node_modules/ansi-styles": {
      "version": "4.3.0",
      "resolved": "https://registry.npmjs.org/ansi-styles/-/ansi-styles-4.3.0.tgz",
      "integrity": "sha512-zbB9rCJAT1rbjiVDb2hqKFHNYLxgtk8NURxZ3IZwD3F6NtxbXZQCnnSi1Lkx+IDohdPlFp222wVALIheZJQSEg==",
      "dependencies": {
        "color-convert": "^2.0.1"
      },
      "engines": {
        "node": ">=8"
      },
      "funding": {
        "url": "https://github.com/chalk/ansi-styles?sponsor=1"
      }
    },
    "node_modules/arg": {
      "version": "4.1.3",
      "resolved": "https://registry.npmjs.org/arg/-/arg-4.1.3.tgz",
      "integrity": "sha512-58S9QDqG0Xx27YwPSt9fJxivjYl432YCwfDMfZ+71RAqUrZef7LrKQZ3LHLOwCS4FLNBplP533Zx895SeOCHvA=="
    },
    "node_modules/argparse": {
      "version": "0.1.16",
      "resolved": "https://registry.npmjs.org/argparse/-/argparse-0.1.16.tgz",
      "integrity": "sha512-LjmC2dNpdn2L4UzyoaIr11ELYoLn37ZFy9zObrQFHsSuOepeUEMKnM8w5KL4Tnrp2gy88rRuQt6Ky8Bjml+Baw==",
      "dependencies": {
        "underscore": "~1.7.0",
        "underscore.string": "~2.4.0"
      }
    },
    "node_modules/cliui": {
      "version": "8.0.1",
      "resolved": "https://registry.npmjs.org/cliui/-/cliui-8.0.1.tgz",
      "integrity": "sha512-BSeNnyus75C4//NQ9gQt1/csTXyo/8Sb+afLAkzAptFuMsod9HFokGNudZpi/oQV73hnVK+sR+5PVRMd+Dr7YQ==",
      "dependencies": {
        "string-width": "^4.2.0",
        "strip-ansi": "^6.0.1",
        "wrap-ansi": "^7.0.0"
      },
      "engines": {
        "node": ">=12"
      }
    },
    "node_modules/color-convert": {
      "version": "2.0.1",
      "resolved": "https://registry.npmjs.org/color-convert/-/color-convert-2.0.1.tgz",
      "integrity": "sha512-RRECPsj7iu/xb5oKYcsFHSppFNnsj/52OVTRKb4zP5onXwVF3zVmmToNcOfGC+CRDpfK/U584fMg38ZHCaElKQ==",
      "dependencies": {
        "color-name": "~1.1.4"
      },
      "engines": {
        "node": ">=7.0.0"
      }
    },
    "node_modules/color-name": {
      "version": "1.1.4",
      "resolved": "https://registry.npmjs.org/color-name/-/color-name-1.1.4.tgz",
      "integrity": "sha512-dOy+3AuW3a2wNbZHIuMZpTcgjGuLU/uBL/ubcZF9OXbDo8ff4O8yVp5Bf0efS8uEoYo5q4Fx7dY9OgQGXgAsQA=="
    },
    "node_modules/commander": {
      "version": "10.0.0",
      "resolved": "https://registry.npmjs.org/commander/-/commander-10.0.0.tgz",
      "integrity": "sha512-zS5PnTI22FIRM6ylNW8G4Ap0IEOyk62fhLSD0+uHRT9McRCLGpkVNvao4bjimpK/GShynyQkFFxHhwMcETmduA==",
      "engines": {
        "node": ">=14"
      }
    },
    "node_modules/create-require": {
      "version": "1.1.1",
      "resolved": "https://registry.npmjs.org/create-require/-/create-require-1.1.1.tgz",
      "integrity": "sha512-dcKFX3jn0MpIaXjisoRvexIJVEKzaq7z2rZKxf+MSr9TkdmHmsU4m2lcLojrj/FHl8mk5VxMmYA+ftRkP/3oKQ=="
    },
    "node_modules/detective": {
      "version": "0.2.1",
      "resolved": "https://registry.npmjs.org/detective/-/detective-0.2.1.tgz",
      "integrity": "sha512-7cCClwJIvG68QWK9RofULFBE30Hhuo4ZnlslT/G4d3iIhbC7IsSJB8tRR483Ag/ILWykmZIGSFmDxI4T53mMtA==",
      "dependencies": {
        "esprima": "~0.9.9"
      },
      "engines": {
        "node": ">=0.6.0"
      }
    },
    "node_modules/diff": {
      "version": "4.0.2",
      "resolved": "https://registry.npmjs.org/diff/-/diff-4.0.2.tgz",
      "integrity": "sha512-58lmxKSA4BNyLz+HHMUzlOEpg09FV+ev6ZMe3vJihgdxzgcwZ8VoEEPmALCZG9LmqfVoNMMKpttIYTVG6uDY7A==",
      "engines": {
        "node": ">=0.3.1"
      }
    },
    "node_modules/emoji-regex": {
      "version": "8.0.0",
      "resolved": "https://registry.npmjs.org/emoji-regex/-/emoji-regex-8.0.0.tgz",
      "integrity": "sha512-MSjYzcWNOA0ewAHpz0MxpYFvwg6yjy1NG3xteoqz644VCo/RPgnr1/GGt+ic3iJTzQ8Eu3TdM14SawnVUmGE6A=="
    },
    "node_modules/escalade": {
      "version": "3.1.1",
      "resolved": "https://registry.npmjs.org/escalade/-/escalade-3.1.1.tgz",
      "integrity": "sha512-k0er2gUkLf8O0zKJiAhmkTnJlTvINGv7ygDNPbeIsX/TJjGJZHuh9B2UxbsaEkmlEo9MfhrSzmhIlhRlI2GXnw==",
      "engines": {
        "node": ">=6"
      }
    },
    "node_modules/esprima": {
      "version": "0.9.9",
      "resolved": "https://registry.npmjs.org/esprima/-/esprima-0.9.9.tgz",
      "integrity": "sha512-uTFHqyoMus4csxVp8FSqPajg59VwNt0PshVERqiIjPed6L9IG0pYz/zbhZ2HFFvn8AKzduipZP6mFxr3dr18ag==",
      "bin": {
        "esparse": "bin/esparse.js"
      },
      "engines": {
        "node": ">=0.4.0"
      }
    },
    "node_modules/forEachAsync": {
      "version": "2.2.1",
      "resolved": "https://registry.npmjs.org/forEachAsync/-/forEachAsync-2.2.1.tgz",
      "integrity": "sha512-467afhqYkLqbcPcn7FWYetAhMjhni8J59KfSUmsIatdp17l3yzUpod42kGPcDULRyEciQjmeFEjQDMU4USF7uA==",
      "deprecated": "Please use 'foreachasync' instead. See https://www.npmjs.com/package/foreachasync",
      "dependencies": {
        "sequence": "2.x"
      },
      "engines": {
        "ender": ">= 0.5.0",
        "node": "*"
      }
    },
    "node_modules/future": {
      "version": "2.3.1",
      "resolved": "https://registry.npmjs.org/future/-/future-2.3.1.tgz",
      "integrity": "sha512-VUHZhrdSGrSro2V2hJZD4ZalTUk3RYhOvaVjsu9N7fC7O1rmKO2jWO43JliA5FMnoi97wMAtXClo5QpJ71rExg==",
      "engines": {
        "ender": ">= 0.5.0",
        "node": "*"
      }
    },
    "node_modules/get-caller-file": {
      "version": "2.0.5",
      "resolved": "https://registry.npmjs.org/get-caller-file/-/get-caller-file-2.0.5.tgz",
      "integrity": "sha512-DyFP3BM/3YHTQOCUL/w0OZHR0lpKeGrxotcHWcqNEdnltqFwXVfhEBQ94eIo34AfQpo0rGki4cyIiftY06h2Fg==",
      "engines": {
        "node": "6.* || 8.* || >= 10.*"
      }
    },
    "node_modules/is-fullwidth-code-point": {
      "version": "3.0.0",
      "resolved": "https://registry.npmjs.org/is-fullwidth-code-point/-/is-fullwidth-code-point-3.0.0.tgz",
      "integrity": "sha512-zymm5+u+sCsSWyD9qNaejV3DFvhCKclKdizYaJUuHA83RLjb7nSuGnddCHGv0hk+KY7BMAlsWeK4Ueg6EV6XQg==",
      "engines": {
        "node": ">=8"
      }
    },
    "node_modules/make-error": {
      "version": "1.3.6",
      "resolved": "https://registry.npmjs.org/make-error/-/make-error-1.3.6.tgz",
      "integrity": "sha512-s8UhlNe7vPKomQhC1qFelMokr/Sc3AgNbso3n74mVPA5LTZwkB9NlXf4XPamLxJE8h0gh73rM94xvwRT2CVInw=="
    },
    "node_modules/npm": {
      "version": "1.4.29",
      "resolved": "https://registry.npmjs.org/npm/-/npm-1.4.29.tgz",
      "integrity": "sha512-iIQzagGYulHrj1gI2vXIHpoa6PztO8yTwTi6K6QzgVamSe9jr1ZOpKw9XcpmskohJthbG3ln8qnRpMEYGrN/YA==",
      "bundleDependencies": [
        "abbrev",
        "ansi",
        "ansicolors",
        "ansistyles",
        "archy",
        "block-stream",
        "char-spinner",
        "child-process-close",
        "chmodr",
        "chownr",
        "cmd-shim",
        "columnify",
        "editor",
        "fstream",
        "fstream-npm",
        "github-url-from-git",
        "github-url-from-username-repo",
        "glob",
        "graceful-fs",
        "inflight",
        "inherits",
        "ini",
        "init-package-json",
        "lockfile",
        "lru-cache",
        "minimatch",
        "mkdirp",
        "node-gyp",
        "nopt",
        "npm-cache-filename",
        "npm-install-checks",
        "npm-registry-client",
        "npm-user-validate",
        "npmconf",
        "npmlog",
        "once",
        "opener",
        "osenv",
        "path-is-inside",
        "read",
        "read-installed",
        "read-package-json",
        "request",
        "retry",
        "rimraf",
        "semver",
        "sha",
        "slide",
        "sorted-object",
        "tar",
        "text-table",
        "uid-number",
        "which"
      ],
      "dependencies": {
        "abbrev": "~1.0.5",
        "ansi": "~0.3.0",
        "ansicolors": "~0.3.2",
        "ansistyles": "~0.1.3",
        "archy": "0",
        "block-stream": "0.0.7",
        "char-spinner": "~1.0.1",
        "child-process-close": "~0.1.1",
        "chmodr": "~0.1.0",
        "chownr": "0",
        "cmd-shim": "2.0.0",
        "columnify": "~1.2.1",
        "editor": "~0.1.0",
        "fstream": "~1.0.2",
        "fstream-npm": "~1.0.0",
        "github-url-from-git": "~1.4.0",
        "github-url-from-username-repo": "~1.0.0",
        "glob": "~4.0.5",
        "graceful-fs": "~3.0.0",
        "inflight": "~1.0.1",
        "inherits": "*",
        "ini": "~1.2.0",
        "init-package-json": "~1.0.0",
        "lockfile": "~1.0.0",
        "lru-cache": "~2.5.0",
        "minimatch": "~1.0.0",
        "mkdirp": "~0.5.0",
        "node-gyp": "~1.0.1",
        "nopt": "~3.0.1",
        "npm-cache-filename": "~1.0.1",
        "npm-install-checks": "~1.0.2",
        "npm-registry-client": "~2.0.7",
        "npm-user-validate": "~0.1.0",
        "npmconf": "~1.1.8",
        "npmlog": "~0.1.1",
        "once": "~1.3.0",
        "opener": "~1.3.0",
        "osenv": "~0.1.0",
        "path-is-inside": "~1.0.0",
        "read": "~1.0.4",
        "read-installed": "~2.0.5",
        "read-package-json": "~1.2.7",
        "request": "~2.42.0",
        "retry": "~0.6.0",
        "rimraf": "~2.2.8",
        "semver": "~2.3.0",
        "sha": "~1.2.1",
        "slide": "~1.1.6",
        "sorted-object": "~1.0.0",
        "tar": "~1.0.1",
        "text-table": "~0.2.0",
        "uid-number": "0.0.5",
        "which": "1"
      },
      "bin": {
        "npm": "bin/npm-cli.js"
      },
      "engines": {
        "node": ">=0.8",
        "npm": "1"
      }
    },
    "node_modules/npm/node_modules/abbrev": {
      "version": "1.0.5",
      "inBundle": true,
      "license": "MIT"
    },
    "node_modules/npm/node_modules/ansi": {
      "version": "0.3.0",
      "inBundle": true
    },
    "node_modules/npm/node_modules/ansicolors": {
      "version": "0.3.2",
      "inBundle": true,
      "license": "MIT"
    },
    "node_modules/npm/node_modules/ansistyles": {
      "version": "0.1.3",
      "inBundle": true,
      "license": "MIT"
    },
    "node_modules/npm/node_modules/archy": {
      "version": "0.0.2",
      "inBundle": true,
      "license": "MIT/X11",
      "engines": {
        "node": "*"
      }
    },
    "node_modules/npm/node_modules/block-stream": {
      "version": "0.0.7",
      "inBundle": true,
      "license": "BSD",
      "dependencies": {
        "inherits": "~2.0.0"
      },
      "engines": {
        "node": "0.4 || >=0.5.8"
      }
    },
    "node_modules/npm/node_modules/char-spinner": {
      "version": "1.0.1",
      "inBundle": true,
      "license": "ISC"
    },
    "node_modules/npm/node_modules/child-process-close": {
      "version": "0.1.1",
      "inBundle": true,
      "license": "MIT"
    },
    "node_modules/npm/node_modules/chmodr": {
      "version": "0.1.0",
      "inBundle": true,
      "license": "BSD"
    },
    "node_modules/npm/node_modules/chownr": {
      "version": "0.0.1",
      "inBundle": true,
      "license": "BSD",
      "engines": {
        "node": "*"
      }
    },
    "node_modules/npm/node_modules/cmd-shim": {
      "version": "2.0.0",
      "inBundle": true,
      "license": "BSD",
      "dependencies": {
        "mkdirp": "~0.5.0"
      },
      "optionalDependencies": {
        "graceful-fs": "^3.0.2"
      }
    },
    "node_modules/npm/node_modules/columnify": {
      "version": "1.2.1",
      "inBundle": true,
      "license": "MIT",
      "dependencies": {
        "strip-ansi": "^1.0.0",
        "wcwidth": "^1.0.0"
      }
    },
    "node_modules/npm/node_modules/columnify/node_modules/strip-ansi": {
      "version": "1.0.0",
      "inBundle": true,
      "license": "MIT",
      "dependencies": {
        "ansi-regex": "^0.2.1"
      },
      "bin": {
        "strip-ansi": "cli.js"
      },
      "engines": {
        "node": ">=0.10.0"
      }
    },
    "node_modules/npm/node_modules/columnify/node_modules/strip-ansi/node_modules/ansi-regex": {
      "version": "0.2.1",
      "inBundle": true,
      "license": "MIT",
      "engines": {
        "node": ">=0.10.0"
      }
    },
    "node_modules/npm/node_modules/columnify/node_modules/wcwidth": {
      "version": "1.0.0",
      "inBundle": true,
      "license": "MIT",
      "dependencies": {
        "defaults": "^1.0.0"
      }
    },
    "node_modules/npm/node_modules/columnify/node_modules/wcwidth/node_modules/defaults": {
      "version": "1.0.0",
      "inBundle": true,
      "license": "MIT",
      "dependencies": {
        "clone": "~0.1.5"
      }
    },
    "node_modules/npm/node_modules/columnify/node_modules/wcwidth/node_modules/defaults/node_modules/clone": {
      "version": "0.1.18",
      "inBundle": true,
      "license": "MIT",
      "engines": {
        "node": "*"
      }
    },
    "node_modules/npm/node_modules/editor": {
      "version": "0.1.0",
      "inBundle": true,
      "license": "MIT"
    },
    "node_modules/npm/node_modules/fstream": {
      "version": "1.0.2",
      "inBundle": true,
      "license": "BSD",
      "dependencies": {
        "graceful-fs": "3",
        "inherits": "~2.0.0",
        "mkdirp": ">=0.5 0",
        "rimraf": "2"
      },
      "engines": {
        "node": ">=0.6"
      }
    },
    "node_modules/npm/node_modules/fstream-npm": {
      "version": "1.0.0",
      "inBundle": true,
      "license": "ISC",
      "dependencies": {
        "fstream-ignore": "^1.0.0",
        "inherits": "2"
      }
    },
    "node_modules/npm/node_modules/fstream-npm/node_modules/fstream-ignore": {
      "version": "1.0.1",
      "inBundle": true,
      "license": "ISC",
      "dependencies": {
        "fstream": "^1.0.0",
        "inherits": "2",
        "minimatch": "^1.0.0"
      }
    },
    "node_modules/npm/node_modules/github-url-from-git": {
      "version": "1.4.0",
      "inBundle": true,
      "license": "MIT"
    },
    "node_modules/npm/node_modules/github-url-from-username-repo": {
      "version": "1.0.0",
      "inBundle": true,
      "license": "BSD-2-Clause"
    },
    "node_modules/npm/node_modules/glob": {
      "version": "4.0.5",
      "inBundle": true,
      "license": "ISC",
      "dependencies": {
        "inherits": "2",
        "minimatch": "^1.0.0",
        "once": "^1.3.0"
      },
      "engines": {
        "node": "*"
      },
      "optionalDependencies": {
        "graceful-fs": "^3.0.2"
      }
    },
    "node_modules/npm/node_modules/graceful-fs": {
      "version": "3.0.2",
      "inBundle": true,
      "license": "BSD",
      "engines": {
        "node": ">=0.4.0"
      }
    },
    "node_modules/npm/node_modules/inflight": {
      "version": "1.0.1",
      "inBundle": true,
      "license": "ISC",
      "dependencies": {
        "once": "^1.3.0"
      }
    },
    "node_modules/npm/node_modules/inherits": {
      "version": "2.0.1",
      "inBundle": true,
      "license": "ISC"
    },
    "node_modules/npm/node_modules/ini": {
      "version": "1.2.1",
      "inBundle": true,
      "engines": {
        "node": "*"
      }
    },
    "node_modules/npm/node_modules/init-package-json": {
      "version": "1.0.0",
      "inBundle": true,
      "license": "ISC",
      "dependencies": {
        "glob": "^4.0.2",
        "promzard": "~0.2.0",
        "read": "~1.0.1",
        "read-package-json": "1",
        "semver": "2.x || 3.x"
      }
    },
    "node_modules/npm/node_modules/init-package-json/node_modules/promzard": {
      "version": "0.2.2",
      "inBundle": true,
      "license": "ISC",
      "dependencies": {
        "read": "1"
      }
    },
    "node_modules/npm/node_modules/lockfile": {
      "version": "1.0.0",
      "inBundle": true,
      "license": "BSD"
    },
    "node_modules/npm/node_modules/lru-cache": {
      "version": "2.5.0",
      "inBundle": true,
      "license": "MIT"
    },
    "node_modules/npm/node_modules/minimatch": {
      "version": "1.0.0",
      "inBundle": true,
      "license": "MIT",
      "dependencies": {
        "lru-cache": "2",
        "sigmund": "~1.0.0"
      },
      "engines": {
        "node": "*"
      }
    },
    "node_modules/npm/node_modules/minimatch/node_modules/sigmund": {
      "version": "1.0.0",
      "inBundle": true,
      "license": "BSD"
    },
    "node_modules/npm/node_modules/mkdirp": {
      "version": "0.5.0",
      "inBundle": true,
      "license": "MIT",
      "dependencies": {
        "minimist": "0.0.8"
      },
      "bin": {
        "mkdirp": "bin/cmd.js"
      }
    },
    "node_modules/npm/node_modules/mkdirp/node_modules/minimist": {
      "version": "0.0.8",
      "inBundle": true,
      "license": "MIT"
    },
    "node_modules/npm/node_modules/node-gyp": {
      "version": "1.0.1",
      "inBundle": true,
      "dependencies": {
        "fstream": "^1.0.0",
        "glob": "3 || 4",
        "graceful-fs": "3",
        "minimatch": "1",
        "mkdirp": "^0.5.0",
        "nopt": "2 || 3",
        "npmlog": "0",
        "osenv": "0",
        "request": "2",
        "rimraf": "2",
        "semver": "2.x || 3.x",
        "tar": "^1.0.0",
        "which": "1"
      },
      "bin": {
        "node-gyp": "bin/node-gyp.js"
      },
      "engines": {
        "node": ">= 0.8.0"
      }
    },
    "node_modules/npm/node_modules/nopt": {
      "version": "3.0.1",
      "inBundle": true,
      "license": "MIT",
      "dependencies": {
        "abbrev": "1"
      },
      "bin": {
        "nopt": "bin/nopt.js"
      }
    },
    "node_modules/npm/node_modules/npm-cache-filename": {
      "version": "1.0.1",
      "inBundle": true,
      "license": "ISC"
    },
    "node_modules/npm/node_modules/npm-install-checks": {
      "version": "1.0.2",
      "inBundle": true,
      "license": "BSD-2-Clause",
      "dependencies": {
        "npmlog": "0.1",
        "semver": "^2.3.0"
      }
    },
    "node_modules/npm/node_modules/npm-registry-client": {
      "version": "2.0.7",
      "inBundle": true,
      "license": "ISC",
      "dependencies": {
        "chownr": "0",
        "graceful-fs": "^3.0.0",
        "mkdirp": "^0.5.0",
        "npm-cache-filename": "^1.0.0",
        "request": "2 >=2.25.0",
        "retry": "0.6.0",
        "rimraf": "~2",
        "semver": "2 >=2.2.1",
        "slide": "~1.1.3"
      },
      "optionalDependencies": {
        "npmlog": ""
      }
    },
    "node_modules/npm/node_modules/npm-user-validate": {
      "version": "0.1.0",
      "inBundle": true,
      "license": "BSD"
    },
    "node_modules/npm/node_modules/npmconf": {
      "version": "1.1.8",
      "inBundle": true,
      "license": "ISC",
      "dependencies": {
        "config-chain": "~1.1.8",
        "inherits": "~2.0.0",
        "ini": "^1.2.0",
        "mkdirp": "^0.5.0",
        "nopt": "~3.0.1",
        "once": "~1.3.0",
        "osenv": "^0.1.0",
        "semver": "2",
        "uid-number": "0.0.5"
      }
    },
    "node_modules/npm/node_modules/npmconf/node_modules/config-chain": {
      "version": "1.1.8",
      "inBundle": true,
      "dependencies": {
        "ini": "1",
        "proto-list": "~1.2.1"
      }
    },
    "node_modules/npm/node_modules/npmconf/node_modules/config-chain/node_modules/proto-list": {
      "version": "1.2.3",
      "inBundle": true,
      "license": "MIT"
    },
    "node_modules/npm/node_modules/npmlog": {
      "version": "0.1.1",
      "inBundle": true,
      "license": "BSD",
      "dependencies": {
        "ansi": "~0.3.0"
      }
    },
    "node_modules/npm/node_modules/once": {
      "version": "1.3.0",
      "inBundle": true,
      "license": "BSD"
    },
    "node_modules/npm/node_modules/opener": {
      "version": "1.3.0",
      "inBundle": true,
      "license": "WTFPL",
      "bin": {
        "opener": "opener.js"
      }
    },
    "node_modules/npm/node_modules/osenv": {
      "version": "0.1.0",
      "inBundle": true,
      "license": "BSD"
    },
    "node_modules/npm/node_modules/path-is-inside": {
      "version": "1.0.1",
      "inBundle": true,
      "license": "WTFPL"
    },
    "node_modules/npm/node_modules/read": {
      "version": "1.0.5",
      "inBundle": true,
      "license": "BSD",
      "dependencies": {
        "mute-stream": "~0.0.4"
      },
      "engines": {
        "node": ">=0.8"
      }
    },
    "node_modules/npm/node_modules/read-installed": {
      "version": "2.0.5",
      "inBundle": true,
      "license": "ISC",
      "dependencies": {
        "read-package-json": "1",
        "semver": "2",
        "slide": "~1.1.3",
        "util-extend": "^1.0.1"
      },
      "optionalDependencies": {
        "graceful-fs": "2 || 3"
      }
    },
    "node_modules/npm/node_modules/read-installed/node_modules/util-extend": {
      "version": "1.0.1",
      "inBundle": true,
      "license": "MIT"
    },
    "node_modules/npm/node_modules/read-package-json": {
      "version": "1.2.7",
      "inBundle": true,
      "license": "ISC",
      "dependencies": {
        "github-url-from-git": "^1.3.0",
        "github-url-from-username-repo": "~1.0.0",
        "glob": "^4.0.2",
        "lru-cache": "2",
        "normalize-package-data": "^1.0.0"
      },
      "optionalDependencies": {
        "graceful-fs": "2 || 3"
      }
    },
    "node_modules/npm/node_modules/read-package-json/node_modules/normalize-package-data": {
      "version": "1.0.1",
      "inBundle": true,
      "dependencies": {
        "github-url-from-git": "^1.3.0",
        "github-url-from-username-repo": "^1.0.0",
        "semver": "2 || 3"
      }
    },
    "node_modules/npm/node_modules/read/node_modules/mute-stream": {
      "version": "0.0.4",
      "inBundle": true,
      "license": "BSD"
    },
    "node_modules/npm/node_modules/request": {
      "version": "2.42.0",
      "engines": [
        "node >= 0.8.0"
      ],
      "inBundle": true,
      "license": "Apache-2.0",
      "dependencies": {
        "bl": "~0.9.0",
        "caseless": "~0.6.0",
        "forever-agent": "~0.5.0",
        "json-stringify-safe": "~5.0.0",
        "mime-types": "~1.0.1",
        "node-uuid": "~1.4.0",
        "qs": "~1.2.0",
        "tunnel-agent": "~0.4.0"
      },
      "optionalDependencies": {
        "aws-sign2": "~0.5.0",
        "form-data": "~0.1.0",
        "hawk": "1.1.1",
        "http-signature": "~0.10.0",
        "oauth-sign": "~0.4.0",
        "stringstream": "~0.0.4",
        "tough-cookie": ">=0.12.0"
      }
    },
    "node_modules/npm/node_modules/request/node_modules/aws-sign2": {
      "version": "0.5.0",
      "inBundle": true,
      "optional": true,
      "engines": {
        "node": "*"
      }
    },
    "node_modules/npm/node_modules/request/node_modules/bl": {
      "version": "0.9.1",
      "inBundle": true,
      "license": "MIT",
      "dependencies": {
        "readable-stream": "~1.0.26"
      }
    },
    "node_modules/npm/node_modules/request/node_modules/bl/node_modules/readable-stream": {
      "version": "1.0.31",
      "inBundle": true,
      "license": "MIT",
      "dependencies": {
        "core-util-is": "~1.0.0",
        "inherits": "~2.0.1",
        "isarray": "0.0.1",
        "string_decoder": "~0.10.x"
      }
    },
    "node_modules/npm/node_modules/request/node_modules/bl/node_modules/readable-stream/node_modules/core-util-is": {
      "version": "1.0.1",
      "inBundle": true,
      "license": "MIT"
    },
    "node_modules/npm/node_modules/request/node_modules/bl/node_modules/readable-stream/node_modules/isarray": {
      "version": "0.0.1",
      "inBundle": true,
      "license": "MIT"
    },
    "node_modules/npm/node_modules/request/node_modules/bl/node_modules/readable-stream/node_modules/string_decoder": {
      "version": "0.10.31",
      "inBundle": true,
      "license": "MIT"
    },
    "node_modules/npm/node_modules/request/node_modules/caseless": {
      "version": "0.6.0",
      "inBundle": true,
      "license": "BSD"
    },
    "node_modules/npm/node_modules/request/node_modules/forever-agent": {
      "version": "0.5.2",
      "inBundle": true,
      "engines": {
        "node": "*"
      }
    },
    "node_modules/npm/node_modules/request/node_modules/form-data": {
      "version": "0.1.4",
      "inBundle": true,
      "optional": true,
      "dependencies": {
        "async": "~0.9.0",
        "combined-stream": "~0.0.4",
        "mime": "~1.2.11"
      },
      "engines": {
        "node": ">= 0.8"
      }
    },
    "node_modules/npm/node_modules/request/node_modules/form-data/node_modules/async": {
      "version": "0.9.0",
      "inBundle": true,
      "optional": true
    },
    "node_modules/npm/node_modules/request/node_modules/form-data/node_modules/combined-stream": {
      "version": "0.0.5",
      "inBundle": true,
      "optional": true,
      "dependencies": {
        "delayed-stream": "0.0.5"
      },
      "engines": {
        "node": ">= 0.8"
      }
    },
    "node_modules/npm/node_modules/request/node_modules/form-data/node_modules/combined-stream/node_modules/delayed-stream": {
      "version": "0.0.5",
      "inBundle": true,
      "optional": true,
      "engines": {
        "node": ">=0.4.0"
      }
    },
    "node_modules/npm/node_modules/request/node_modules/form-data/node_modules/mime": {
      "version": "1.2.11",
      "inBundle": true,
      "optional": true
    },
    "node_modules/npm/node_modules/request/node_modules/hawk": {
      "version": "1.1.1",
      "inBundle": true,
      "optional": true,
      "dependencies": {
        "boom": "0.4.x",
        "cryptiles": "0.2.x",
        "hoek": "0.9.x",
        "sntp": "0.2.x"
      },
      "engines": {
        "node": ">=0.8.0"
      }
    },
    "node_modules/npm/node_modules/request/node_modules/hawk/node_modules/boom": {
      "version": "0.4.2",
      "inBundle": true,
      "optional": true,
      "dependencies": {
        "hoek": "0.9.x"
      },
      "engines": {
        "node": ">=0.8.0"
      }
    },
    "node_modules/npm/node_modules/request/node_modules/hawk/node_modules/cryptiles": {
      "version": "0.2.2",
      "inBundle": true,
      "optional": true,
      "dependencies": {
        "boom": "0.4.x"
      },
      "engines": {
        "node": ">=0.8.0"
      }
    },
    "node_modules/npm/node_modules/request/node_modules/hawk/node_modules/hoek": {
      "version": "0.9.1",
      "inBundle": true,
      "optional": true,
      "engines": {
        "node": ">=0.8.0"
      }
    },
    "node_modules/npm/node_modules/request/node_modules/hawk/node_modules/sntp": {
      "version": "0.2.4",
      "inBundle": true,
      "optional": true,
      "dependencies": {
        "hoek": "0.9.x"
      },
      "engines": {
        "node": ">=0.8.0"
      }
    },
    "node_modules/npm/node_modules/request/node_modules/http-signature": {
      "version": "0.10.0",
      "inBundle": true,
      "optional": true,
      "dependencies": {
        "asn1": "0.1.11",
        "assert-plus": "0.1.2",
        "ctype": "0.5.2"
      },
      "engines": {
        "node": ">=0.8"
      }
    },
    "node_modules/npm/node_modules/request/node_modules/http-signature/node_modules/asn1": {
      "version": "0.1.11",
      "inBundle": true,
      "optional": true,
      "engines": {
        "node": ">=0.4.9"
      }
    },
    "node_modules/npm/node_modules/request/node_modules/http-signature/node_modules/assert-plus": {
      "version": "0.1.2",
      "inBundle": true,
      "optional": true,
      "engines": {
        "node": ">=0.6"
      }
    },
    "node_modules/npm/node_modules/request/node_modules/http-signature/node_modules/ctype": {
      "version": "0.5.2",
      "inBundle": true,
      "optional": true,
      "engines": {
        "node": ">= 0.4"
      }
    },
    "node_modules/npm/node_modules/request/node_modules/json-stringify-safe": {
      "version": "5.0.0",
      "inBundle": true,
      "license": "BSD"
    },
    "node_modules/npm/node_modules/request/node_modules/mime-types": {
      "version": "1.0.2",
      "inBundle": true,
      "license": "MIT",
      "engines": {
        "node": ">= 0.8.0"
      }
    },
    "node_modules/npm/node_modules/request/node_modules/node-uuid": {
      "version": "1.4.1",
      "inBundle": true
    },
    "node_modules/npm/node_modules/request/node_modules/oauth-sign": {
      "version": "0.4.0",
      "inBundle": true,
      "optional": true,
      "engines": {
        "node": "*"
      }
    },
    "node_modules/npm/node_modules/request/node_modules/qs": {
      "version": "1.2.2",
      "inBundle": true
    },
    "node_modules/npm/node_modules/request/node_modules/stringstream": {
      "version": "0.0.4",
      "inBundle": true,
      "license": "MIT",
      "optional": true
    },
    "node_modules/npm/node_modules/request/node_modules/tough-cookie": {
      "version": "0.12.1",
      "inBundle": true,
      "license": "MIT",
      "optional": true,
      "dependencies": {
        "punycode": ">=0.2.0"
      },
      "engines": {
        "node": ">=0.4.12"
      }
    },
    "node_modules/npm/node_modules/request/node_modules/tough-cookie/node_modules/punycode": {
      "version": "1.3.1",
      "inBundle": true,
      "optional": true
    },
    "node_modules/npm/node_modules/request/node_modules/tunnel-agent": {
      "version": "0.4.0",
      "inBundle": true,
      "engines": {
        "node": "*"
      }
    },
    "node_modules/npm/node_modules/retry": {
      "version": "0.6.0",
      "inBundle": true,
      "engines": {
        "node": "*"
      }
    },
    "node_modules/npm/node_modules/rimraf": {
      "version": "2.2.8",
      "inBundle": true,
      "license": "MIT",
      "bin": {
        "rimraf": "bin.js"
      }
    },
    "node_modules/npm/node_modules/semver": {
      "version": "2.3.0",
      "inBundle": true,
      "license": "BSD",
      "bin": {
        "semver": "bin/semver"
      }
    },
    "node_modules/npm/node_modules/sha": {
      "version": "1.2.4",
      "inBundle": true,
      "license": "BSD",
      "optionalDependencies": {
        "graceful-fs": "2 || 3",
        "readable-stream": "1.0"
      }
    },
    "node_modules/npm/node_modules/sha/node_modules/readable-stream": {
      "version": "1.0.27-1",
      "inBundle": true,
      "license": "MIT",
      "optional": true,
      "dependencies": {
        "core-util-is": "~1.0.0",
        "inherits": "~2.0.1",
        "isarray": "0.0.1",
        "string_decoder": "~0.10.x"
      }
    },
    "node_modules/npm/node_modules/sha/node_modules/readable-stream/node_modules/core-util-is": {
      "version": "1.0.1",
      "inBundle": true,
      "license": "MIT",
      "optional": true
    },
    "node_modules/npm/node_modules/sha/node_modules/readable-stream/node_modules/isarray": {
      "version": "0.0.1",
      "inBundle": true,
      "license": "MIT",
      "optional": true
    },
    "node_modules/npm/node_modules/sha/node_modules/readable-stream/node_modules/string_decoder": {
      "version": "0.10.25-1",
      "inBundle": true,
      "license": "MIT",
      "optional": true
    },
    "node_modules/npm/node_modules/slide": {
      "version": "1.1.6",
      "inBundle": true,
      "license": "ISC",
      "engines": {
        "node": "*"
      }
    },
    "node_modules/npm/node_modules/sorted-object": {
      "version": "1.0.0",
      "inBundle": true,
      "license": "WTFPL"
    },
    "node_modules/npm/node_modules/tar": {
      "version": "1.0.1",
      "inBundle": true,
      "license": "BSD",
      "dependencies": {
        "block-stream": "*",
        "fstream": "^1.0.2",
        "inherits": "2"
      }
    },
    "node_modules/npm/node_modules/text-table": {
      "version": "0.2.0",
      "inBundle": true,
      "license": "MIT"
    },
    "node_modules/npm/node_modules/uid-number": {
      "version": "0.0.5",
      "inBundle": true,
      "license": "ISC",
      "engines": {
        "node": "*"
      }
    },
    "node_modules/npm/node_modules/which": {
      "version": "1.0.5",
      "inBundle": true,
      "bin": {
        "which": "bin/which"
      },
      "engines": {
        "node": "*"
      }
    },
    "node_modules/pakman": {
      "version": "0.11.5",
      "resolved": "https://registry.npmjs.org/pakman/-/pakman-0.11.5.tgz",
      "integrity": "sha512-XsQOhxLOVaz5zBfslSgHBnyWK1/qZwSpuiGMW3d4zShpX7TQYtY1h5BlnJp6+PvaoFb7VKFn9WgMeKooZHVl+A==",
      "dependencies": {
        "detective": ">=0.2.1 <0.3.0",
        "forEachAsync": ">=2.2.0 <2.3.0",
        "future": ">=2.3.1 <3.0.0",
        "npm": ">=1.1.59 <2.0.0"
      },
      "engines": {
        "node": ">= v0.2.0"
      }
    },
    "node_modules/pakmanager": {
      "version": "0.12.1",
      "resolved": "https://registry.npmjs.org/pakmanager/-/pakmanager-0.12.1.tgz",
      "integrity": "sha512-fnbO8UtKflFoZe7SonfjMCLaoSxmBLYWld1uP4AOxS1AOTWhxIJh4czrBu2wmKa1HSU8pdi4dKNKq8XgOsMqAA==",
      "dependencies": {
        "argparse": ">=0.1.5 <0.2.0",
        "pakman": ">=0.11.5 <0.12.0"
      },
      "bin": {
        "pakmanager": "bin/pakmanager.js"
      },
      "engines": {
        "node": ">=0.4"
      }
    },
    "node_modules/require-directory": {
      "version": "2.1.1",
      "resolved": "https://registry.npmjs.org/require-directory/-/require-directory-2.1.1.tgz",
      "integrity": "sha512-fGxEI7+wsG9xrvdjsrlmL22OMTTiHRwAMroiEeMgq8gzoLC/PQr7RsRDSTLUg/bZAZtF+TVIkHc6/4RIKrui+Q==",
      "engines": {
        "node": ">=0.10.0"
      }
    },
    "node_modules/sequence": {
      "version": "2.2.1",
      "resolved": "https://registry.npmjs.org/sequence/-/sequence-2.2.1.tgz",
      "integrity": "sha512-RY4zLg/1hvZMVMIf8iiix8w1Aqls95nuR4pZinKH26OYrRrb8tEZTeCFkvGDKWt4qHY0rd8nKHvplb7+8O6C/A==",
      "engines": {
        "ender": ">= 0.5.0",
        "node": "*"
      }
    },
    "node_modules/srt-parser-2": {
      "version": "1.2.2",
      "resolved": "https://registry.npmjs.org/srt-parser-2/-/srt-parser-2-1.2.2.tgz",
      "integrity": "sha512-SlWIhy9mQGMY8BHv1MkeQbCx6gHUNG0NecZro4QIDxzIpBw3Q0kFjA4EWyE9I+H7VrmdPYBHlvtrKzMLFTKP0g==",
      "bin": {
        "srt-parser-2": "bin/index.js"
      },
      "engines": {
        "node": "*"
      }
    },
    "node_modules/string-width": {
      "version": "4.2.3",
      "resolved": "https://registry.npmjs.org/string-width/-/string-width-4.2.3.tgz",
      "integrity": "sha512-wKyQRQpjJ0sIp62ErSZdGsjMJWsap5oRNihHhu6G7JVO/9jIB6UyevL+tXuOqrng8j/cxKTWyWUwvSTriiZz/g==",
      "dependencies": {
        "emoji-regex": "^8.0.0",
        "is-fullwidth-code-point": "^3.0.0",
        "strip-ansi": "^6.0.1"
      },
      "engines": {
        "node": ">=8"
      }
    },
    "node_modules/strip-ansi": {
      "version": "6.0.1",
      "resolved": "https://registry.npmjs.org/strip-ansi/-/strip-ansi-6.0.1.tgz",
      "integrity": "sha512-Y38VPSHcqkFrCpFnQ9vuSXmquuv5oXOKpGeT6aGrr3o3Gc9AlVa6JBfUSOCnbxGGZF+/0ooI7KrPuUSztUdU5A==",
      "dependencies": {
        "ansi-regex": "^5.0.1"
      },
      "engines": {
        "node": ">=8"
      }
    },
    "node_modules/ts-node": {
      "version": "10.9.1",
      "resolved": "https://registry.npmjs.org/ts-node/-/ts-node-10.9.1.tgz",
      "integrity": "sha512-NtVysVPkxxrwFGUUxGYhfux8k78pQB3JqYBXlLRZgdGUqTO5wU/UyHop5p70iEbGhB7q5KmiZiU0Y3KlJrScEw==",
      "dependencies": {
        "@cspotcode/source-map-support": "^0.8.0",
        "@tsconfig/node10": "^1.0.7",
        "@tsconfig/node12": "^1.0.7",
        "@tsconfig/node14": "^1.0.0",
        "@tsconfig/node16": "^1.0.2",
        "acorn": "^8.4.1",
        "acorn-walk": "^8.1.1",
        "arg": "^4.1.0",
        "create-require": "^1.1.0",
        "diff": "^4.0.1",
        "make-error": "^1.1.1",
        "v8-compile-cache-lib": "^3.0.1",
        "yn": "3.1.1"
      },
      "bin": {
        "ts-node": "dist/bin.js",
        "ts-node-cwd": "dist/bin-cwd.js",
        "ts-node-esm": "dist/bin-esm.js",
        "ts-node-script": "dist/bin-script.js",
        "ts-node-transpile-only": "dist/bin-transpile.js",
        "ts-script": "dist/bin-script-deprecated.js"
      },
      "peerDependencies": {
        "@swc/core": ">=1.2.50",
        "@swc/wasm": ">=1.2.50",
        "@types/node": "*",
        "typescript": ">=2.7"
      },
      "peerDependenciesMeta": {
        "@swc/core": {
          "optional": true
        },
        "@swc/wasm": {
          "optional": true
        }
      }
    },
    "node_modules/typescript": {
      "version": "4.9.5",
      "resolved": "https://registry.npmjs.org/typescript/-/typescript-4.9.5.tgz",
      "integrity": "sha512-1FXk9E2Hm+QzZQ7z+McJiHL4NW1F2EzMu9Nq9i3zAaGqibafqYwCVU6WyWAuyQRRzOlxou8xZSyXLEN8oKj24g==",
      "bin": {
        "tsc": "bin/tsc",
        "tsserver": "bin/tsserver"
      },
      "engines": {
        "node": ">=4.2.0"
      }
    },
    "node_modules/underscore": {
      "version": "1.7.0",
      "resolved": "https://registry.npmjs.org/underscore/-/underscore-1.7.0.tgz",
      "integrity": "sha512-cp0oQQyZhUM1kpJDLdGO1jPZHgS/MpzoWYfe9+CM2h/QGDZlqwT2T3YGukuBdaNJ/CAPoeyAZRRHz8JFo176vA=="
    },
    "node_modules/underscore.string": {
      "version": "2.4.0",
      "resolved": "https://registry.npmjs.org/underscore.string/-/underscore.string-2.4.0.tgz",
      "integrity": "sha512-yxkabuCaIBnzfIvX3kBxQqCs0ar/bfJwDnFEHJUm/ZrRVhT3IItdRF5cZjARLzEnyQYtIUhsZ2LG2j3HidFOFQ==",
      "engines": {
        "node": "*"
      }
    },
    "node_modules/v8-compile-cache-lib": {
      "version": "3.0.1",
      "resolved": "https://registry.npmjs.org/v8-compile-cache-lib/-/v8-compile-cache-lib-3.0.1.tgz",
      "integrity": "sha512-wa7YjyUGfNZngI/vtK0UHAN+lgDCxBPCylVXGp0zu59Fz5aiGtNXaq3DhIov063MorB+VfufLh3JlF2KdTK3xg=="
    },
    "node_modules/wrap-ansi": {
      "version": "7.0.0",
      "resolved": "https://registry.npmjs.org/wrap-ansi/-/wrap-ansi-7.0.0.tgz",
      "integrity": "sha512-YVGIj2kamLSTxw6NsZjoBxfSwsn0ycdesmc4p+Q21c5zPuZ1pl+NfxVdxPtdHvmNVOQ6XSYG4AUtyt/Fi7D16Q==",
      "dependencies": {
        "ansi-styles": "^4.0.0",
        "string-width": "^4.1.0",
        "strip-ansi": "^6.0.0"
      },
      "engines": {
        "node": ">=10"
      },
      "funding": {
        "url": "https://github.com/chalk/wrap-ansi?sponsor=1"
      }
    },
    "node_modules/y18n": {
      "version": "5.0.8",
      "resolved": "https://registry.npmjs.org/y18n/-/y18n-5.0.8.tgz",
      "integrity": "sha512-0pfFzegeDWJHJIAmTLRP2DwHjdF5s7jo9tuztdQxAhINCdvS+3nGINqPd00AphqJR/0LhANUS6/+7SCb98YOfA==",
      "engines": {
        "node": ">=10"
      }
    },
    "node_modules/yargs": {
      "version": "17.7.1",
      "resolved": "https://registry.npmjs.org/yargs/-/yargs-17.7.1.tgz",
      "integrity": "sha512-cwiTb08Xuv5fqF4AovYacTFNxk62th7LKJ6BL9IGUpTJrWoU7/7WdQGTP2SjKf1dUNBGzDd28p/Yfs/GI6JrLw==",
      "dependencies": {
        "cliui": "^8.0.1",
        "escalade": "^3.1.1",
        "get-caller-file": "^2.0.5",
        "require-directory": "^2.1.1",
        "string-width": "^4.2.3",
        "y18n": "^5.0.5",
        "yargs-parser": "^21.1.1"
      },
      "engines": {
        "node": ">=12"
      }
    },
    "node_modules/yargs-parser": {
      "version": "21.1.1",
      "resolved": "https://registry.npmjs.org/yargs-parser/-/yargs-parser-21.1.1.tgz",
      "integrity": "sha512-tVpsJW7DdjecAiFpbIB1e3qxIQsE6NoPc5/eTdrbbIC4h0LVsWhnoa3g+m2HclBIujHzsxZ4VJVA+GUuc2/LBw==",
      "engines": {
        "node": ">=12"
      }
    },
    "node_modules/yn": {
      "version": "3.1.1",
      "resolved": "https://registry.npmjs.org/yn/-/yn-3.1.1.tgz",
      "integrity": "sha512-Ux4ygGWsu2c7isFWe8Yu1YluJmqVhxqK2cLXNQA5AcC3QfbGNpM7fu0Y8b/z16pXLnFxZYvWhd3fhBY9DLmC6Q==",
      "engines": {
        "node": ">=6"
      }
    }
  }
}
